// !$*UTF8*$!
{
	archiveVersion = 1;
	classes = {
	};
	objectVersion = 46;
	objects = {

/* Begin PBXBuildFile section */
		0E544E7D1E66599000DE1CA0 /* Itunes.swift in Sources */ = {isa = PBXBuildFile; fileRef = 0E544E7C1E66599000DE1CA0 /* Itunes.swift */; };
		0E544E7F1E66601600DE1CA0 /* ImportSelection.swift in Sources */ = {isa = PBXBuildFile; fileRef = 0E544E7E1E66601600DE1CA0 /* ImportSelection.swift */; };
		0E9DB8011E65FBC800FF4A1F /* Song.swift in Sources */ = {isa = PBXBuildFile; fileRef = 0E9DB8001E65FBC800FF4A1F /* Song.swift */; };
		0ED2F0E01E662C8A004BBB31 /* SpotifyAuthentication.framework in Frameworks */ = {isa = PBXBuildFile; fileRef = 0ED2F0DE1E662C8A004BBB31 /* SpotifyAuthentication.framework */; };
		0ED2F0E11E662C8A004BBB31 /* SpotifyMetadata.framework in Frameworks */ = {isa = PBXBuildFile; fileRef = 0ED2F0DF1E662C8A004BBB31 /* SpotifyMetadata.framework */; };
		0ED2F0E31E662CAB004BBB31 /* Spotify.swift in Sources */ = {isa = PBXBuildFile; fileRef = 0ED2F0E21E662CAB004BBB31 /* Spotify.swift */; };
		0ED2F0E51E662DF1004BBB31 /* SystemConfiguration.framework in Frameworks */ = {isa = PBXBuildFile; fileRef = 0ED2F0E41E662DF1004BBB31 /* SystemConfiguration.framework */; };
		0ED2F0E81E6632E9004BBB31 /* AVFoundation.framework in Frameworks */ = {isa = PBXBuildFile; fileRef = 0ED2F0E71E6632E9004BBB31 /* AVFoundation.framework */; };
		0ED2F0EA1E663330004BBB31 /* SpotifyAudioPlayback.framework in Frameworks */ = {isa = PBXBuildFile; fileRef = 0ED2F0E91E663330004BBB31 /* SpotifyAudioPlayback.framework */; };
		1AEB662495824FCC473C86C7 /* Pods_Spotify2AppleMusic.framework in Frameworks */ = {isa = PBXBuildFile; fileRef = 3B5AE6D5ED49AC7B5532F759 /* Pods_Spotify2AppleMusic.framework */; };
		C53617B31E658E8E00D82BA4 /* AppDelegate.swift in Sources */ = {isa = PBXBuildFile; fileRef = C53617B21E658E8E00D82BA4 /* AppDelegate.swift */; };
		C53617B51E658E8E00D82BA4 /* ViewController.swift in Sources */ = {isa = PBXBuildFile; fileRef = C53617B41E658E8E00D82BA4 /* ViewController.swift */; };
		C53617B81E658E8E00D82BA4 /* Main.storyboard in Resources */ = {isa = PBXBuildFile; fileRef = C53617B61E658E8E00D82BA4 /* Main.storyboard */; };
		C53617BA1E658E8E00D82BA4 /* Assets.xcassets in Resources */ = {isa = PBXBuildFile; fileRef = C53617B91E658E8E00D82BA4 /* Assets.xcassets */; };
		C53617BD1E658E8E00D82BA4 /* LaunchScreen.storyboard in Resources */ = {isa = PBXBuildFile; fileRef = C53617BB1E658E8E00D82BA4 /* LaunchScreen.storyboard */; };
/* End PBXBuildFile section */

/* Begin PBXFileReference section */
		0E544E7C1E66599000DE1CA0 /* Itunes.swift */ = {isa = PBXFileReference; fileEncoding = 4; lastKnownFileType = sourcecode.swift; path = Itunes.swift; sourceTree = "<group>"; };
		0E544E7E1E66601600DE1CA0 /* ImportSelection.swift */ = {isa = PBXFileReference; fileEncoding = 4; lastKnownFileType = sourcecode.swift; path = ImportSelection.swift; sourceTree = "<group>"; };
		0E9DB8001E65FBC800FF4A1F /* Song.swift */ = {isa = PBXFileReference; fileEncoding = 4; lastKnownFileType = sourcecode.swift; path = Song.swift; sourceTree = "<group>"; };
		0ED2F0DE1E662C8A004BBB31 /* SpotifyAuthentication.framework */ = {isa = PBXFileReference; lastKnownFileType = wrapper.framework; name = SpotifyAuthentication.framework; path = Frameworks/SpotifyAuthentication.framework; sourceTree = "<group>"; };
		0ED2F0DF1E662C8A004BBB31 /* SpotifyMetadata.framework */ = {isa = PBXFileReference; lastKnownFileType = wrapper.framework; name = SpotifyMetadata.framework; path = Frameworks/SpotifyMetadata.framework; sourceTree = "<group>"; };
		0ED2F0E21E662CAB004BBB31 /* Spotify.swift */ = {isa = PBXFileReference; fileEncoding = 4; lastKnownFileType = sourcecode.swift; path = Spotify.swift; sourceTree = "<group>"; };
		0ED2F0E41E662DF1004BBB31 /* SystemConfiguration.framework */ = {isa = PBXFileReference; lastKnownFileType = wrapper.framework; name = SystemConfiguration.framework; path = System/Library/Frameworks/SystemConfiguration.framework; sourceTree = SDKROOT; };
		0ED2F0E71E6632E9004BBB31 /* AVFoundation.framework */ = {isa = PBXFileReference; lastKnownFileType = wrapper.framework; name = AVFoundation.framework; path = System/Library/Frameworks/AVFoundation.framework; sourceTree = SDKROOT; };
		0ED2F0E91E663330004BBB31 /* SpotifyAudioPlayback.framework */ = {isa = PBXFileReference; lastKnownFileType = wrapper.framework; name = SpotifyAudioPlayback.framework; path = Frameworks/SpotifyAudioPlayback.framework; sourceTree = "<group>"; };
		0ED2F0EB1E6633D6004BBB31 /* Spotify2AppleMusic-Bridging-Header.h */ = {isa = PBXFileReference; lastKnownFileType = sourcecode.c.h; path = "Spotify2AppleMusic-Bridging-Header.h"; sourceTree = "<group>"; };
		3B5AE6D5ED49AC7B5532F759 /* Pods_Spotify2AppleMusic.framework */ = {isa = PBXFileReference; explicitFileType = wrapper.framework; includeInIndex = 0; path = Pods_Spotify2AppleMusic.framework; sourceTree = BUILT_PRODUCTS_DIR; };
		5E896B763DC6D4CADBE8F54C /* Pods-Spotify2AppleMusic.debug.xcconfig */ = {isa = PBXFileReference; includeInIndex = 1; lastKnownFileType = text.xcconfig; name = "Pods-Spotify2AppleMusic.debug.xcconfig"; path = "Pods/Target Support Files/Pods-Spotify2AppleMusic/Pods-Spotify2AppleMusic.debug.xcconfig"; sourceTree = "<group>"; };
		7666B915D74335730B636C6B /* Pods-Spotify2AppleMusic.release.xcconfig */ = {isa = PBXFileReference; includeInIndex = 1; lastKnownFileType = text.xcconfig; name = "Pods-Spotify2AppleMusic.release.xcconfig"; path = "Pods/Target Support Files/Pods-Spotify2AppleMusic/Pods-Spotify2AppleMusic.release.xcconfig"; sourceTree = "<group>"; };
		C53617AF1E658E8E00D82BA4 /* Spotify2AppleMusic.app */ = {isa = PBXFileReference; explicitFileType = wrapper.application; includeInIndex = 0; path = Spotify2AppleMusic.app; sourceTree = BUILT_PRODUCTS_DIR; };
		C53617B21E658E8E00D82BA4 /* AppDelegate.swift */ = {isa = PBXFileReference; lastKnownFileType = sourcecode.swift; path = AppDelegate.swift; sourceTree = "<group>"; };
		C53617B41E658E8E00D82BA4 /* ViewController.swift */ = {isa = PBXFileReference; lastKnownFileType = sourcecode.swift; path = ViewController.swift; sourceTree = "<group>"; };
		C53617B71E658E8E00D82BA4 /* Base */ = {isa = PBXFileReference; lastKnownFileType = file.storyboard; name = Base; path = Base.lproj/Main.storyboard; sourceTree = "<group>"; };
		C53617B91E658E8E00D82BA4 /* Assets.xcassets */ = {isa = PBXFileReference; lastKnownFileType = folder.assetcatalog; path = Assets.xcassets; sourceTree = "<group>"; };
		C53617BC1E658E8E00D82BA4 /* Base */ = {isa = PBXFileReference; lastKnownFileType = file.storyboard; name = Base; path = Base.lproj/LaunchScreen.storyboard; sourceTree = "<group>"; };
		C53617BE1E658E8E00D82BA4 /* Info.plist */ = {isa = PBXFileReference; lastKnownFileType = text.plist.xml; path = Info.plist; sourceTree = "<group>"; };
/* End PBXFileReference section */

/* Begin PBXFrameworksBuildPhase section */
		C53617AC1E658E8E00D82BA4 /* Frameworks */ = {
			isa = PBXFrameworksBuildPhase;
			buildActionMask = 2147483647;
			files = (
				0ED2F0E81E6632E9004BBB31 /* AVFoundation.framework in Frameworks */,
				0ED2F0E51E662DF1004BBB31 /* SystemConfiguration.framework in Frameworks */,
				1AEB662495824FCC473C86C7 /* Pods_Spotify2AppleMusic.framework in Frameworks */,
				0ED2F0E11E662C8A004BBB31 /* SpotifyMetadata.framework in Frameworks */,
				0ED2F0E01E662C8A004BBB31 /* SpotifyAuthentication.framework in Frameworks */,
				0ED2F0EA1E663330004BBB31 /* SpotifyAudioPlayback.framework in Frameworks */,
			);
			runOnlyForDeploymentPostprocessing = 0;
		};
/* End PBXFrameworksBuildPhase section */

/* Begin PBXGroup section */
		1DE936627459D004D39766F5 /* Pods */ = {
			isa = PBXGroup;
			children = (
				5E896B763DC6D4CADBE8F54C /* Pods-Spotify2AppleMusic.debug.xcconfig */,
				7666B915D74335730B636C6B /* Pods-Spotify2AppleMusic.release.xcconfig */,
			);
			name = Pods;
			sourceTree = "<group>";
		};
		C0671FF791BC0AC42ECCB712 /* Frameworks */ = {
			isa = PBXGroup;
			children = (
				0ED2F0E91E663330004BBB31 /* SpotifyAudioPlayback.framework */,
				0ED2F0E71E6632E9004BBB31 /* AVFoundation.framework */,
				0ED2F0E41E662DF1004BBB31 /* SystemConfiguration.framework */,
				0ED2F0DE1E662C8A004BBB31 /* SpotifyAuthentication.framework */,
				0ED2F0DF1E662C8A004BBB31 /* SpotifyMetadata.framework */,
				3B5AE6D5ED49AC7B5532F759 /* Pods_Spotify2AppleMusic.framework */,
			);
			name = Frameworks;
			sourceTree = "<group>";
		};
		C53617A61E658E8E00D82BA4 = {
			isa = PBXGroup;
			children = (
				C53617B11E658E8E00D82BA4 /* Spotify2AppleMusic */,
				C53617B01E658E8E00D82BA4 /* Products */,
				1DE936627459D004D39766F5 /* Pods */,
				C0671FF791BC0AC42ECCB712 /* Frameworks */,
			);
			sourceTree = "<group>";
		};
		C53617B01E658E8E00D82BA4 /* Products */ = {
			isa = PBXGroup;
			children = (
				C53617AF1E658E8E00D82BA4 /* Spotify2AppleMusic.app */,
			);
			name = Products;
			sourceTree = "<group>";
		};
		C53617B11E658E8E00D82BA4 /* Spotify2AppleMusic */ = {
			isa = PBXGroup;
			children = (
				C53617B21E658E8E00D82BA4 /* AppDelegate.swift */,
				C53617B41E658E8E00D82BA4 /* ViewController.swift */,
				0E544E7E1E66601600DE1CA0 /* ImportSelection.swift */,
				0E9DB8001E65FBC800FF4A1F /* Song.swift */,
				0E544E7C1E66599000DE1CA0 /* Itunes.swift */,
				0ED2F0E21E662CAB004BBB31 /* Spotify.swift */,
				C53617B61E658E8E00D82BA4 /* Main.storyboard */,
				C53617B91E658E8E00D82BA4 /* Assets.xcassets */,
				C53617BB1E658E8E00D82BA4 /* LaunchScreen.storyboard */,
				C53617BE1E658E8E00D82BA4 /* Info.plist */,
				0ED2F0EB1E6633D6004BBB31 /* Spotify2AppleMusic-Bridging-Header.h */,
			);
			path = Spotify2AppleMusic;
			sourceTree = "<group>";
		};
/* End PBXGroup section */

/* Begin PBXNativeTarget section */
		C53617AE1E658E8E00D82BA4 /* Spotify2AppleMusic */ = {
			isa = PBXNativeTarget;
			buildConfigurationList = C53617C11E658E8E00D82BA4 /* Build configuration list for PBXNativeTarget "Spotify2AppleMusic" */;
			buildPhases = (
				3F38D1AAF18574F96AE5FC83 /* [CP] Check Pods Manifest.lock */,
				C53617AB1E658E8E00D82BA4 /* Sources */,
				C53617AC1E658E8E00D82BA4 /* Frameworks */,
				C53617AD1E658E8E00D82BA4 /* Resources */,
				F454AFB417440EA2E4AAAAE2 /* [CP] Embed Pods Frameworks */,
				9043F5BD87A5B553276DC40B /* [CP] Copy Pods Resources */,
			);
			buildRules = (
			);
			dependencies = (
			);
			name = Spotify2AppleMusic;
			productName = Spotify2AppleMusic;
			productReference = C53617AF1E658E8E00D82BA4 /* Spotify2AppleMusic.app */;
			productType = "com.apple.product-type.application";
		};
/* End PBXNativeTarget section */

/* Begin PBXProject section */
		C53617A71E658E8E00D82BA4 /* Project object */ = {
			isa = PBXProject;
			attributes = {
				LastSwiftUpdateCheck = 0820;
				LastUpgradeCheck = 0820;
				ORGANIZATIONNAME = "Finn Gaida";
				TargetAttributes = {
					C53617AE1E658E8E00D82BA4 = {
						CreatedOnToolsVersion = 8.2.1;
						DevelopmentTeam = PTHJ3DNH6P;
						LastSwiftMigration = 0830;
						ProvisioningStyle = Automatic;
					};
				};
			};
			buildConfigurationList = C53617AA1E658E8E00D82BA4 /* Build configuration list for PBXProject "Spotify2AppleMusic" */;
			compatibilityVersion = "Xcode 3.2";
			developmentRegion = English;
			hasScannedForEncodings = 0;
			knownRegions = (
				en,
				Base,
			);
			mainGroup = C53617A61E658E8E00D82BA4;
			productRefGroup = C53617B01E658E8E00D82BA4 /* Products */;
			projectDirPath = "";
			projectRoot = "";
			targets = (
				C53617AE1E658E8E00D82BA4 /* Spotify2AppleMusic */,
			);
		};
/* End PBXProject section */

/* Begin PBXResourcesBuildPhase section */
		C53617AD1E658E8E00D82BA4 /* Resources */ = {
			isa = PBXResourcesBuildPhase;
			buildActionMask = 2147483647;
			files = (
				C53617BD1E658E8E00D82BA4 /* LaunchScreen.storyboard in Resources */,
				C53617BA1E658E8E00D82BA4 /* Assets.xcassets in Resources */,
				C53617B81E658E8E00D82BA4 /* Main.storyboard in Resources */,
			);
			runOnlyForDeploymentPostprocessing = 0;
		};
/* End PBXResourcesBuildPhase section */

/* Begin PBXShellScriptBuildPhase section */
		3F38D1AAF18574F96AE5FC83 /* [CP] Check Pods Manifest.lock */ = {
			isa = PBXShellScriptBuildPhase;
			buildActionMask = 2147483647;
			files = (
			);
			inputPaths = (
			);
			name = "[CP] Check Pods Manifest.lock";
			outputPaths = (
			);
			runOnlyForDeploymentPostprocessing = 0;
			shellPath = /bin/sh;
			shellScript = "diff \"${PODS_PODFILE_DIR_PATH}/Podfile.lock\" \"${PODS_ROOT}/Manifest.lock\" > /dev/null\nif [ $? != 0 ] ; then\n    # print error to STDERR\n    echo \"error: The sandbox is not in sync with the Podfile.lock. Run 'pod install' or update your CocoaPods installation.\" >&2\n    exit 1\nfi\n";
			showEnvVarsInLog = 0;
		};
		9043F5BD87A5B553276DC40B /* [CP] Copy Pods Resources */ = {
			isa = PBXShellScriptBuildPhase;
			buildActionMask = 2147483647;
			files = (
			);
			inputPaths = (
			);
			name = "[CP] Copy Pods Resources";
			outputPaths = (
			);
			runOnlyForDeploymentPostprocessing = 0;
			shellPath = /bin/sh;
			shellScript = "\"${SRCROOT}/Pods/Target Support Files/Pods-Spotify2AppleMusic/Pods-Spotify2AppleMusic-resources.sh\"\n";
			showEnvVarsInLog = 0;
		};
		F454AFB417440EA2E4AAAAE2 /* [CP] Embed Pods Frameworks */ = {
			isa = PBXShellScriptBuildPhase;
			buildActionMask = 2147483647;
			files = (
			);
			inputPaths = (
			);
			name = "[CP] Embed Pods Frameworks";
			outputPaths = (
			);
			runOnlyForDeploymentPostprocessing = 0;
			shellPath = /bin/sh;
			shellScript = "\"${SRCROOT}/Pods/Target Support Files/Pods-Spotify2AppleMusic/Pods-Spotify2AppleMusic-frameworks.sh\"\n";
			showEnvVarsInLog = 0;
		};
/* End PBXShellScriptBuildPhase section */

/* Begin PBXSourcesBuildPhase section */
		C53617AB1E658E8E00D82BA4 /* Sources */ = {
			isa = PBXSourcesBuildPhase;
			buildActionMask = 2147483647;
			files = (
				0E9DB8011E65FBC800FF4A1F /* Song.swift in Sources */,
				0E544E7F1E66601600DE1CA0 /* ImportSelection.swift in Sources */,
				C53617B51E658E8E00D82BA4 /* ViewController.swift in Sources */,
				0ED2F0E31E662CAB004BBB31 /* Spotify.swift in Sources */,
				0E544E7D1E66599000DE1CA0 /* Itunes.swift in Sources */,
				C53617B31E658E8E00D82BA4 /* AppDelegate.swift in Sources */,
			);
			runOnlyForDeploymentPostprocessing = 0;
		};
/* End PBXSourcesBuildPhase section */

/* Begin PBXVariantGroup section */
		C53617B61E658E8E00D82BA4 /* Main.storyboard */ = {
			isa = PBXVariantGroup;
			children = (
				C53617B71E658E8E00D82BA4 /* Base */,
			);
			name = Main.storyboard;
			sourceTree = "<group>";
		};
		C53617BB1E658E8E00D82BA4 /* LaunchScreen.storyboard */ = {
			isa = PBXVariantGroup;
			children = (
				C53617BC1E658E8E00D82BA4 /* Base */,
			);
			name = LaunchScreen.storyboard;
			sourceTree = "<group>";
		};
/* End PBXVariantGroup section */

/* Begin XCBuildConfiguration section */
		C53617BF1E658E8E00D82BA4 /* Debug */ = {
			isa = XCBuildConfiguration;
			buildSettings = {
				ALWAYS_SEARCH_USER_PATHS = NO;
				CLANG_ANALYZER_NONNULL = YES;
				CLANG_CXX_LANGUAGE_STANDARD = "gnu++0x";
				CLANG_CXX_LIBRARY = "libc++";
				CLANG_ENABLE_MODULES = YES;
				CLANG_ENABLE_OBJC_ARC = YES;
				CLANG_WARN_BOOL_CONVERSION = YES;
				CLANG_WARN_CONSTANT_CONVERSION = YES;
				CLANG_WARN_DIRECT_OBJC_ISA_USAGE = YES_ERROR;
				CLANG_WARN_DOCUMENTATION_COMMENTS = YES;
				CLANG_WARN_EMPTY_BODY = YES;
				CLANG_WARN_ENUM_CONVERSION = YES;
				CLANG_WARN_INFINITE_RECURSION = YES;
				CLANG_WARN_INT_CONVERSION = YES;
				CLANG_WARN_OBJC_ROOT_CLASS = YES_ERROR;
				CLANG_WARN_SUSPICIOUS_MOVE = YES;
				CLANG_WARN_UNREACHABLE_CODE = YES;
				CLANG_WARN__DUPLICATE_METHOD_MATCH = YES;
				"CODE_SIGN_IDENTITY[sdk=iphoneos*]" = "iPhone Developer";
				COPY_PHASE_STRIP = NO;
				DEBUG_INFORMATION_FORMAT = dwarf;
				ENABLE_STRICT_OBJC_MSGSEND = YES;
				ENABLE_TESTABILITY = YES;
				GCC_C_LANGUAGE_STANDARD = gnu99;
				GCC_DYNAMIC_NO_PIC = NO;
				GCC_NO_COMMON_BLOCKS = YES;
				GCC_OPTIMIZATION_LEVEL = 0;
				GCC_PREPROCESSOR_DEFINITIONS = (
					"DEBUG=1",
					"$(inherited)",
				);
				GCC_WARN_64_TO_32_BIT_CONVERSION = YES;
				GCC_WARN_ABOUT_RETURN_TYPE = YES_ERROR;
				GCC_WARN_UNDECLARED_SELECTOR = YES;
				GCC_WARN_UNINITIALIZED_AUTOS = YES_AGGRESSIVE;
				GCC_WARN_UNUSED_FUNCTION = YES;
				GCC_WARN_UNUSED_VARIABLE = YES;
				IPHONEOS_DEPLOYMENT_TARGET = 10.0;
				MTL_ENABLE_DEBUG_INFO = YES;
				ONLY_ACTIVE_ARCH = YES;
				SDKROOT = iphoneos;
				SWIFT_ACTIVE_COMPILATION_CONDITIONS = DEBUG;
				SWIFT_OPTIMIZATION_LEVEL = "-Onone";
				TARGETED_DEVICE_FAMILY = "1,2";
			};
			name = Debug;
		};
		C53617C01E658E8E00D82BA4 /* Release */ = {
			isa = XCBuildConfiguration;
			buildSettings = {
				ALWAYS_SEARCH_USER_PATHS = NO;
				CLANG_ANALYZER_NONNULL = YES;
				CLANG_CXX_LANGUAGE_STANDARD = "gnu++0x";
				CLANG_CXX_LIBRARY = "libc++";
				CLANG_ENABLE_MODULES = YES;
				CLANG_ENABLE_OBJC_ARC = YES;
				CLANG_WARN_BOOL_CONVERSION = YES;
				CLANG_WARN_CONSTANT_CONVERSION = YES;
				CLANG_WARN_DIRECT_OBJC_ISA_USAGE = YES_ERROR;
				CLANG_WARN_DOCUMENTATION_COMMENTS = YES;
				CLANG_WARN_EMPTY_BODY = YES;
				CLANG_WARN_ENUM_CONVERSION = YES;
				CLANG_WARN_INFINITE_RECURSION = YES;
				CLANG_WARN_INT_CONVERSION = YES;
				CLANG_WARN_OBJC_ROOT_CLASS = YES_ERROR;
				CLANG_WARN_SUSPICIOUS_MOVE = YES;
				CLANG_WARN_UNREACHABLE_CODE = YES;
				CLANG_WARN__DUPLICATE_METHOD_MATCH = YES;
				"CODE_SIGN_IDENTITY[sdk=iphoneos*]" = "iPhone Developer";
				COPY_PHASE_STRIP = NO;
				DEBUG_INFORMATION_FORMAT = "dwarf-with-dsym";
				ENABLE_NS_ASSERTIONS = NO;
				ENABLE_STRICT_OBJC_MSGSEND = YES;
				GCC_C_LANGUAGE_STANDARD = gnu99;
				GCC_NO_COMMON_BLOCKS = YES;
				GCC_WARN_64_TO_32_BIT_CONVERSION = YES;
				GCC_WARN_ABOUT_RETURN_TYPE = YES_ERROR;
				GCC_WARN_UNDECLARED_SELECTOR = YES;
				GCC_WARN_UNINITIALIZED_AUTOS = YES_AGGRESSIVE;
				GCC_WARN_UNUSED_FUNCTION = YES;
				GCC_WARN_UNUSED_VARIABLE = YES;
				IPHONEOS_DEPLOYMENT_TARGET = 10.0;
				MTL_ENABLE_DEBUG_INFO = NO;
				SDKROOT = iphoneos;
				SWIFT_OPTIMIZATION_LEVEL = "-Owholemodule";
				TARGETED_DEVICE_FAMILY = "1,2";
				VALIDATE_PRODUCT = YES;
			};
			name = Release;
		};
		C53617C21E658E8E00D82BA4 /* Debug */ = {
			isa = XCBuildConfiguration;
			baseConfigurationReference = 5E896B763DC6D4CADBE8F54C /* Pods-Spotify2AppleMusic.debug.xcconfig */;
			buildSettings = {
				ASSETCATALOG_COMPILER_APPICON_NAME = AppIcon;
				CLANG_ENABLE_MODULES = YES;
				DEVELOPMENT_TEAM = PTHJ3DNH6P;
				FRAMEWORK_SEARCH_PATHS = (
					"$(inherited)",
					"$(PROJECT_DIR)/Frameworks",
				);
				INFOPLIST_FILE = Spotify2AppleMusic/Info.plist;
				LD_RUNPATH_SEARCH_PATHS = "$(inherited) @executable_path/Frameworks";
				OTHER_LDFLAGS = (
					"$(inherited)",
					"-framework",
					"\"Sweeft\"",
					"-ObjC",
				);
				PRODUCT_BUNDLE_IDENTIFIER = io.quintero.Spotify2AppleMusic;
				PRODUCT_NAME = "$(TARGET_NAME)";
				SWIFT_OBJC_BRIDGING_HEADER = "Spotify2AppleMusic/Spotify2AppleMusic-Bridging-Header.h";
				SWIFT_OPTIMIZATION_LEVEL = "-Onone";
				SWIFT_VERSION = 3.0;
			};
			name = Debug;
		};
		C53617C31E658E8E00D82BA4 /* Release */ = {
			isa = XCBuildConfiguration;
			baseConfigurationReference = 7666B915D74335730B636C6B /* Pods-Spotify2AppleMusic.release.xcconfig */;
			buildSettings = {
				ASSETCATALOG_COMPILER_APPICON_NAME = AppIcon;
				CLANG_ENABLE_MODULES = YES;
				DEVELOPMENT_TEAM = PTHJ3DNH6P;
				FRAMEWORK_SEARCH_PATHS = (
					"$(inherited)",
					"$(PROJECT_DIR)/Frameworks",
				);
				INFOPLIST_FILE = Spotify2AppleMusic/Info.plist;
				LD_RUNPATH_SEARCH_PATHS = "$(inherited) @executable_path/Frameworks";
				OTHER_LDFLAGS = (
					"$(inherited)",
					"-framework",
					"\"Sweeft\"",
					"-ObjC",
				);
				PRODUCT_BUNDLE_IDENTIFIER = io.quintero.Spotify2AppleMusic;
				PRODUCT_NAME = "$(TARGET_NAME)";
				SWIFT_OBJC_BRIDGING_HEADER = "Spotify2AppleMusic/Spotify2AppleMusic-Bridging-Header.h";
				SWIFT_VERSION = 3.0;
			};
			name = Release;
		};
/* End XCBuildConfiguration section */

/* Begin XCConfigurationList section */
		C53617AA1E658E8E00D82BA4 /* Build configuration list for PBXProject "Spotify2AppleMusic" */ = {
			isa = XCConfigurationList;
			buildConfigurations = (
				C53617BF1E658E8E00D82BA4 /* Debug */,
				C53617C01E658E8E00D82BA4 /* Release */,
			);
			defaultConfigurationIsVisible = 0;
			defaultConfigurationName = Release;
		};
		C53617C11E658E8E00D82BA4 /* Build configuration list for PBXNativeTarget "Spotify2AppleMusic" */ = {
			isa = XCConfigurationList;
			buildConfigurations = (
				C53617C21E658E8E00D82BA4 /* Debug */,
				C53617C31E658E8E00D82BA4 /* Release */,
			);
			defaultConfigurationIsVisible = 0;
			defaultConfigurationName = Release;
		};
/* End XCConfigurationList section */
	};
	rootObject = C53617A71E658E8E00D82BA4 /* Project object */;
}
